
Microsoft Visual Studio Solution File, Format Version 12.00
# Visual Studio Version 17
VisualStudioVersion = 17.1.32414.318
MinimumVisualStudioVersion = 10.0.40219.1
Project("{FAE04EC0-301F-11D3-BF4B-00C04F79EFBC}") = "Ovning3App", "Ovning3App.csproj", "{BCC7FD48-002B-455F-963B-022826FCA79D}"
EndProject
Global
	GlobalSection(SolutionConfigurationPlatforms) = preSolution
		Debug|Any CPU = Debug|Any CPU
		Release|Any CPU = Release|Any CPU
	EndGlobalSection
	GlobalSection(ProjectConfigurationPlatforms) = postSolution
		{BCC7FD48-002B-455F-963B-022826FCA79D}.Debug|Any CPU.ActiveCfg = Debug|Any CPU
		{BCC7FD48-002B-455F-963B-022826FCA79D}.Debug|Any CPU.Build.0 = Debug|Any CPU
		{BCC7FD48-002B-455F-963B-022826FCA79D}.Release|Any CPU.ActiveCfg = Release|Any CPU
		{BCC7FD48-002B-455F-963B-022826FCA79D}.Release|Any CPU.Build.0 = Release|Any CPU
	EndGlobalSection
	GlobalSection(SolutionProperties) = preSolution
		HideSolutionNode = FALSE
	EndGlobalSection
	GlobalSection(ExtensibilityGlobals) = postSolution
		SolutionGuid = {54818457-EC01-44CF-995E-881FE1886649}
	EndGlobalSection
EndGlobal
